
Microsoft Visual Studio Solution File, Format Version 12.00
# Visual Studio Version 16
VisualStudioVersion = 16.0.29519.87
MinimumVisualStudioVersion = 10.0.40219.1
Project("{FAE04EC0-301F-11D3-BF4B-00C04F79EFBC}") = "AutoSaver", "AutoSaver.csproj", "{4E9AF458-7F7B-4E94-9001-2C24F724B873}"
EndProject
Global
	GlobalSection(SolutionConfigurationPlatforms) = preSolution
		Debug|Any CPU = Debug|Any CPU
		Release|Any CPU = Release|Any CPU
	EndGlobalSection
	GlobalSection(ProjectConfigurationPlatforms) = postSolution
		{4E9AF458-7F7B-4E94-9001-2C24F724B873}.Debug|Any CPU.ActiveCfg = Debug|Any CPU
		{4E9AF458-7F7B-4E94-9001-2C24F724B873}.Debug|Any CPU.Build.0 = Debug|Any CPU
		{4E9AF458-7F7B-4E94-9001-2C24F724B873}.Release|Any CPU.ActiveCfg = Release|Any CPU
		{4E9AF458-7F7B-4E94-9001-2C24F724B873}.Release|Any CPU.Build.0 = Release|Any CPU
	EndGlobalSection
	GlobalSection(SolutionProperties) = preSolution
		HideSolutionNode = FALSE
	EndGlobalSection
	GlobalSection(ExtensibilityGlobals) = postSolution
		SolutionGuid = {5BB51BD0-725C-4E61-951F-4DC425FCA9BA}
	EndGlobalSection
EndGlobal
